
Microsoft Visual Studio Solution File, Format Version 12.00
# Visual Studio 15
VisualStudioVersion = 15.0.26730.16
MinimumVisualStudioVersion = 10.0.40219.1
Project("{FAE04EC0-301F-11D3-BF4B-00C04F79EFBC}") = "TravelRepublic", "TravelRepublic\TravelRepublic.csproj", "{2E617746-45FB-417C-B609-472933490AB5}"
EndProject
Project("{FAE04EC0-301F-11D3-BF4B-00C04F79EFBC}") = "TravelRepublic.Tests", "TravelRepublic.Tests\TravelRepublic.Tests.csproj", "{0AB81828-7FF0-4024-B6E1-36B82E729530}"
EndProject
Global
	GlobalSection(SolutionConfigurationPlatforms) = preSolution
		Debug|Any CPU = Debug|Any CPU
		Release|Any CPU = Release|Any CPU
	EndGlobalSection
	GlobalSection(ProjectConfigurationPlatforms) = postSolution
		{2E617746-45FB-417C-B609-472933490AB5}.Debug|Any CPU.ActiveCfg = Debug|Any CPU
		{2E617746-45FB-417C-B609-472933490AB5}.Debug|Any CPU.Build.0 = Debug|Any CPU
		{2E617746-45FB-417C-B609-472933490AB5}.Release|Any CPU.ActiveCfg = Release|Any CPU
		{2E617746-45FB-417C-B609-472933490AB5}.Release|Any CPU.Build.0 = Release|Any CPU
		{0AB81828-7FF0-4024-B6E1-36B82E729530}.Debug|Any CPU.ActiveCfg = Debug|Any CPU
		{0AB81828-7FF0-4024-B6E1-36B82E729530}.Debug|Any CPU.Build.0 = Debug|Any CPU
		{0AB81828-7FF0-4024-B6E1-36B82E729530}.Release|Any CPU.ActiveCfg = Release|Any CPU
		{0AB81828-7FF0-4024-B6E1-36B82E729530}.Release|Any CPU.Build.0 = Release|Any CPU
	EndGlobalSection
	GlobalSection(SolutionProperties) = preSolution
		HideSolutionNode = FALSE
	EndGlobalSection
	GlobalSection(ExtensibilityGlobals) = postSolution
		SolutionGuid = {0E4EE691-5F6B-48D0-B5DE-7BB009712F82}
	EndGlobalSection
EndGlobal
